PODS:
  - MOOMaskedIconView (0.1.0)
  - PPHelpMe (1.0.2)
  - PureLayout (3.0.1)
  - RZNotificationView (1.1.7):
    - MOOMaskedIconView (>= 0.1.0)
    - PPHelpMe (>= 1.0.0)
  - WAAppRouting (0.0.4)

DEPENDENCIES:
  - PureLayout
  - RZNotificationView
  - WAAppRouting (from `../WAAppRouting.podspec`)

EXTERNAL SOURCES:
  WAAppRouting:
    :path: ../WAAppRouting.podspec

SPEC CHECKSUMS:
  MOOMaskedIconView: 42f22374cd15e81e65a1d67963374a961d94b909
  PPHelpMe: 243c40d2fad33ebdcc6b158c0db54893e0cc2d14
  PureLayout: f35f5384c9c4e4479df041dbe33ad7577b71ddfb
  RZNotificationView: 37b4a32e03a5f44a91ea76465f33313943a874d8
  WAAppRouting: 64dde97adefda2e9293b5ab49e0568be5d76b53c

COCOAPODS: 0.38.2
