// !$*UTF8*$!
{
	archiveVersion = 1;
	classes = {
	};
	objectVersion = 46;
	objects = {

/* Begin PBXBuildFile section */
		A6929956C51CEF3AB69EB6BB /* libPods.a in Frameworks */ = {isa = PBXBuildFile; fileRef = 6D3EA550E6C84EBB93CD39AC /* libPods.a */; };
		E02FC1F31B88A95E00B600E9 /* WAList1Subpath1DetailController.m in Sources */ = {isa = PBXBuildFile; fileRef = E02FC1F21B88A95E00B600E9 /* WAList1Subpath1DetailController.m */; };
		E02FC1F61B88A98200B600E9 /* WAList1Subpath2DetailController.m in Sources */ = {isa = PBXBuildFile; fileRef = E02FC1F51B88A98200B600E9 /* WAList1Subpath2DetailController.m */; };
		E0317E8B1B8513BB00E2F677 /* WAModalViewController.m in Sources */ = {isa = PBXBuildFile; fileRef = E0317E8A1B8513BB00E2F677 /* WAModalViewController.m */; };
		E07BF4001B85036C00DED3F7 /* main.m in Sources */ = {isa = PBXBuildFile; fileRef = E07BF3FF1B85036C00DED3F7 /* main.m */; };
		E07BF4031B85036C00DED3F7 /* AppDelegate.m in Sources */ = {isa = PBXBuildFile; fileRef = E07BF4021B85036C00DED3F7 /* AppDelegate.m */; };
		E07BF40B1B85036C00DED3F7 /* Images.xcassets in Resources */ = {isa = PBXBuildFile; fileRef = E07BF40A1B85036C00DED3F7 /* Images.xcassets */; };
		E07BF40E1B85036C00DED3F7 /* LaunchScreen.xib in Resources */ = {isa = PBXBuildFile; fileRef = E07BF40C1B85036C00DED3F7 /* LaunchScreen.xib */; };
		E07BF41A1B85036D00DED3F7 /* MoreComplexExampleTests.m in Sources */ = {isa = PBXBuildFile; fileRef = E07BF4191B85036D00DED3F7 /* MoreComplexExampleTests.m */; };
		E07BF4291B85044B00DED3F7 /* WABaseDetailViewController.m in Sources */ = {isa = PBXBuildFile; fileRef = E07BF4241B85044B00DED3F7 /* WABaseDetailViewController.m */; };
		E07BF42A1B85044B00DED3F7 /* WABaseTableViewController.m in Sources */ = {isa = PBXBuildFile; fileRef = E07BF4261B85044B00DED3F7 /* WABaseTableViewController.m */; };
		E07BF42B1B85044B00DED3F7 /* WABaseViewController.m in Sources */ = {isa = PBXBuildFile; fileRef = E07BF4281B85044B00DED3F7 /* WABaseViewController.m */; };
		E07BF4331B85048600DED3F7 /* WAList1DetailExtraViewController.m in Sources */ = {isa = PBXBuildFile; fileRef = E07BF42E1B85048600DED3F7 /* WAList1DetailExtraViewController.m */; };
		E07BF4341B85048600DED3F7 /* WAList1DetailViewController.m in Sources */ = {isa = PBXBuildFile; fileRef = E07BF4301B85048600DED3F7 /* WAList1DetailViewController.m */; };
		E07BF4351B85048600DED3F7 /* WAList1ViewController.m in Sources */ = {isa = PBXBuildFile; fileRef = E07BF4321B85048600DED3F7 /* WAList1ViewController.m */; };
		E07BF43A1B8506A300DED3F7 /* WAList2ViewController.m in Sources */ = {isa = PBXBuildFile; fileRef = E07BF4391B8506A300DED3F7 /* WAList2ViewController.m */; };
		E07BF43E1B85077100DED3F7 /* WAList2DetailViewController.m in Sources */ = {isa = PBXBuildFile; fileRef = E07BF43D1B85077100DED3F7 /* WAList2DetailViewController.m */; };
/* End PBXBuildFile section */

/* Begin PBXContainerItemProxy section */
		E07BF4141B85036D00DED3F7 /* PBXContainerItemProxy */ = {
			isa = PBXContainerItemProxy;
			containerPortal = E07BF3F21B85036C00DED3F7 /* Project object */;
			proxyType = 1;
			remoteGlobalIDString = E07BF3F91B85036C00DED3F7;
			remoteInfo = MoreComplexExample;
		};
/* End PBXContainerItemProxy section */

/* Begin PBXFileReference section */
		0C7F9FC7DA3C1F485F6491D5 /* Pods.debug.xcconfig */ = {isa = PBXFileReference; includeInIndex = 1; lastKnownFileType = text.xcconfig; name = Pods.debug.xcconfig; path = "Pods/Target Support Files/Pods/Pods.debug.xcconfig"; sourceTree = "<group>"; };
		6D3EA550E6C84EBB93CD39AC /* libPods.a */ = {isa = PBXFileReference; explicitFileType = archive.ar; includeInIndex = 0; path = libPods.a; sourceTree = BUILT_PRODUCTS_DIR; };
		DB9772F7AD598529BAAB1845 /* Pods.release.xcconfig */ = {isa = PBXFileReference; includeInIndex = 1; lastKnownFileType = text.xcconfig; name = Pods.release.xcconfig; path = "Pods/Target Support Files/Pods/Pods.release.xcconfig"; sourceTree = "<group>"; };
		E02FC1F11B88A95E00B600E9 /* WAList1Subpath1DetailController.h */ = {isa = PBXFileReference; fileEncoding = 4; lastKnownFileType = sourcecode.c.h; path = WAList1Subpath1DetailController.h; sourceTree = "<group>"; };
		E02FC1F21B88A95E00B600E9 /* WAList1Subpath1DetailController.m */ = {isa = PBXFileReference; fileEncoding = 4; lastKnownFileType = sourcecode.c.objc; path = WAList1Subpath1DetailController.m; sourceTree = "<group>"; };
		E02FC1F41B88A98200B600E9 /* WAList1Subpath2DetailController.h */ = {isa = PBXFileReference; fileEncoding = 4; lastKnownFileType = sourcecode.c.h; path = WAList1Subpath2DetailController.h; sourceTree = "<group>"; };
		E02FC1F51B88A98200B600E9 /* WAList1Subpath2DetailController.m */ = {isa = PBXFileReference; fileEncoding = 4; lastKnownFileType = sourcecode.c.objc; path = WAList1Subpath2DetailController.m; sourceTree = "<group>"; };
		E0317E891B8513BB00E2F677 /* WAModalViewController.h */ = {isa = PBXFileReference; fileEncoding = 4; lastKnownFileType = sourcecode.c.h; path = WAModalViewController.h; sourceTree = "<group>"; };
		E0317E8A1B8513BB00E2F677 /* WAModalViewController.m */ = {isa = PBXFileReference; fileEncoding = 4; lastKnownFileType = sourcecode.c.objc; path = WAModalViewController.m; sourceTree = "<group>"; };
		E07BF3FA1B85036C00DED3F7 /* MoreComplexExample.app */ = {isa = PBXFileReference; explicitFileType = wrapper.application; includeInIndex = 0; path = MoreComplexExample.app; sourceTree = BUILT_PRODUCTS_DIR; };
		E07BF3FE1B85036C00DED3F7 /* Info.plist */ = {isa = PBXFileReference; lastKnownFileType = text.plist.xml; path = Info.plist; sourceTree = "<group>"; };
		E07BF3FF1B85036C00DED3F7 /* main.m */ = {isa = PBXFileReference; lastKnownFileType = sourcecode.c.objc; path = main.m; sourceTree = "<group>"; };
		E07BF4011B85036C00DED3F7 /* AppDelegate.h */ = {isa = PBXFileReference; lastKnownFileType = sourcecode.c.h; path = AppDelegate.h; sourceTree = "<group>"; };
		E07BF4021B85036C00DED3F7 /* AppDelegate.m */ = {isa = PBXFileReference; lastKnownFileType = sourcecode.c.objc; path = AppDelegate.m; sourceTree = "<group>"; };
		E07BF40A1B85036C00DED3F7 /* Images.xcassets */ = {isa = PBXFileReference; lastKnownFileType = folder.assetcatalog; path = Images.xcassets; sourceTree = "<group>"; };
		E07BF40D1B85036C00DED3F7 /* Base */ = {isa = PBXFileReference; lastKnownFileType = file.xib; name = Base; path = Base.lproj/LaunchScreen.xib; sourceTree = "<group>"; };
		E07BF4131B85036D00DED3F7 /* MoreComplexExampleTests.xctest */ = {isa = PBXFileReference; explicitFileType = wrapper.cfbundle; includeInIndex = 0; path = MoreComplexExampleTests.xctest; sourceTree = BUILT_PRODUCTS_DIR; };
		E07BF4181B85036D00DED3F7 /* Info.plist */ = {isa = PBXFileReference; lastKnownFileType = text.plist.xml; path = Info.plist; sourceTree = "<group>"; };
		E07BF4191B85036D00DED3F7 /* MoreComplexExampleTests.m */ = {isa = PBXFileReference; lastKnownFileType = sourcecode.c.objc; path = MoreComplexExampleTests.m; sourceTree = "<group>"; };
		E07BF4231B85044B00DED3F7 /* WABaseDetailViewController.h */ = {isa = PBXFileReference; fileEncoding = 4; lastKnownFileType = sourcecode.c.h; path = WABaseDetailViewController.h; sourceTree = "<group>"; };
		E07BF4241B85044B00DED3F7 /* WABaseDetailViewController.m */ = {isa = PBXFileReference; fileEncoding = 4; lastKnownFileType = sourcecode.c.objc; path = WABaseDetailViewController.m; sourceTree = "<group>"; };
		E07BF4251B85044B00DED3F7 /* WABaseTableViewController.h */ = {isa = PBXFileReference; fileEncoding = 4; lastKnownFileType = sourcecode.c.h; path = WABaseTableViewController.h; sourceTree = "<group>"; };
		E07BF4261B85044B00DED3F7 /* WABaseTableViewController.m */ = {isa = PBXFileReference; fileEncoding = 4; lastKnownFileType = sourcecode.c.objc; path = WABaseTableViewController.m; sourceTree = "<group>"; };
		E07BF4271B85044B00DED3F7 /* WABaseViewController.h */ = {isa = PBXFileReference; fileEncoding = 4; lastKnownFileType = sourcecode.c.h; path = WABaseViewController.h; sourceTree = "<group>"; };
		E07BF4281B85044B00DED3F7 /* WABaseViewController.m */ = {isa = PBXFileReference; fileEncoding = 4; lastKnownFileType = sourcecode.c.objc; path = WABaseViewController.m; sourceTree = "<group>"; };
		E07BF42D1B85048600DED3F7 /* WAList1DetailExtraViewController.h */ = {isa = PBXFileReference; fileEncoding = 4; lastKnownFileType = sourcecode.c.h; path = WAList1DetailExtraViewController.h; sourceTree = "<group>"; };
		E07BF42E1B85048600DED3F7 /* WAList1DetailExtraViewController.m */ = {isa = PBXFileReference; fileEncoding = 4; lastKnownFileType = sourcecode.c.objc; path = WAList1DetailExtraViewController.m; sourceTree = "<group>"; };
		E07BF42F1B85048600DED3F7 /* WAList1DetailViewController.h */ = {isa = PBXFileReference; fileEncoding = 4; lastKnownFileType = sourcecode.c.h; path = WAList1DetailViewController.h; sourceTree = "<group>"; };
		E07BF4301B85048600DED3F7 /* WAList1DetailViewController.m */ = {isa = PBXFileReference; fileEncoding = 4; lastKnownFileType = sourcecode.c.objc; path = WAList1DetailViewController.m; sourceTree = "<group>"; };
		E07BF4311B85048600DED3F7 /* WAList1ViewController.h */ = {isa = PBXFileReference; fileEncoding = 4; lastKnownFileType = sourcecode.c.h; path = WAList1ViewController.h; sourceTree = "<group>"; };
		E07BF4321B85048600DED3F7 /* WAList1ViewController.m */ = {isa = PBXFileReference; fileEncoding = 4; lastKnownFileType = sourcecode.c.objc; path = WAList1ViewController.m; sourceTree = "<group>"; };
		E07BF4381B8506A300DED3F7 /* WAList2ViewController.h */ = {isa = PBXFileReference; fileEncoding = 4; lastKnownFileType = sourcecode.c.h; path = WAList2ViewController.h; sourceTree = "<group>"; };
		E07BF4391B8506A300DED3F7 /* WAList2ViewController.m */ = {isa = PBXFileReference; fileEncoding = 4; lastKnownFileType = sourcecode.c.objc; path = WAList2ViewController.m; sourceTree = "<group>"; };
		E07BF43C1B85077100DED3F7 /* WAList2DetailViewController.h */ = {isa = PBXFileReference; fileEncoding = 4; lastKnownFileType = sourcecode.c.h; path = WAList2DetailViewController.h; sourceTree = "<group>"; };
		E07BF43D1B85077100DED3F7 /* WAList2DetailViewController.m */ = {isa = PBXFileReference; fileEncoding = 4; lastKnownFileType = sourcecode.c.objc; path = WAList2DetailViewController.m; sourceTree = "<group>"; };
/* End PBXFileReference section */

/* Begin PBXFrameworksBuildPhase section */
		E07BF3F71B85036C00DED3F7 /* Frameworks */ = {
			isa = PBXFrameworksBuildPhase;
			buildActionMask = 2147483647;
			files = (
				A6929956C51CEF3AB69EB6BB /* libPods.a in Frameworks */,
			);
			runOnlyForDeploymentPostprocessing = 0;
		};
		E07BF4101B85036D00DED3F7 /* Frameworks */ = {
			isa = PBXFrameworksBuildPhase;
			buildActionMask = 2147483647;
			files = (
			);
			runOnlyForDeploymentPostprocessing = 0;
		};
/* End PBXFrameworksBuildPhase section */

/* Begin PBXGroup section */
		65C1E359E13AE91478D6E3E3 /* Pods */ = {
			isa = PBXGroup;
			children = (
				0C7F9FC7DA3C1F485F6491D5 /* Pods.debug.xcconfig */,
				DB9772F7AD598529BAAB1845 /* Pods.release.xcconfig */,
			);
			name = Pods;
			sourceTree = "<group>";
		};
		7DFFF05CBDB9E4D5CC34EED3 /* Frameworks */ = {
			isa = PBXGroup;
			children = (
				6D3EA550E6C84EBB93CD39AC /* libPods.a */,
			);
			name = Frameworks;
			sourceTree = "<group>";
		};
		E02FC1F01B88A93700B600E9 /* SubPath */ = {
			isa = PBXGroup;
			children = (
				E02FC1F11B88A95E00B600E9 /* WAList1Subpath1DetailController.h */,
				E02FC1F21B88A95E00B600E9 /* WAList1Subpath1DetailController.m */,
				E02FC1F41B88A98200B600E9 /* WAList1Subpath2DetailController.h */,
				E02FC1F51B88A98200B600E9 /* WAList1Subpath2DetailController.m */,
			);
			name = SubPath;
			sourceTree = "<group>";
		};
		E07BF3F11B85036C00DED3F7 = {
			isa = PBXGroup;
			children = (
				E07BF3FC1B85036C00DED3F7 /* MoreComplexExample */,
				E07BF4161B85036D00DED3F7 /* MoreComplexExampleTests */,
				E07BF3FB1B85036C00DED3F7 /* Products */,
				65C1E359E13AE91478D6E3E3 /* Pods */,
				7DFFF05CBDB9E4D5CC34EED3 /* Frameworks */,
			);
			sourceTree = "<group>";
		};
		E07BF3FB1B85036C00DED3F7 /* Products */ = {
			isa = PBXGroup;
			children = (
				E07BF3FA1B85036C00DED3F7 /* MoreComplexExample.app */,
				E07BF4131B85036D00DED3F7 /* MoreComplexExampleTests.xctest */,
			);
			name = Products;
			sourceTree = "<group>";
		};
		E07BF3FC1B85036C00DED3F7 /* MoreComplexExample */ = {
			isa = PBXGroup;
			children = (
				E07BF4011B85036C00DED3F7 /* AppDelegate.h */,
				E07BF4021B85036C00DED3F7 /* AppDelegate.m */,
				E07BF4361B85049000DED3F7 /* Controllers */,
				E07BF40A1B85036C00DED3F7 /* Images.xcassets */,
				E07BF40C1B85036C00DED3F7 /* LaunchScreen.xib */,
				E07BF3FD1B85036C00DED3F7 /* Supporting Files */,
			);
			path = MoreComplexExample;
			sourceTree = "<group>";
		};
		E07BF3FD1B85036C00DED3F7 /* Supporting Files */ = {
			isa = PBXGroup;
			children = (
				E07BF3FE1B85036C00DED3F7 /* Info.plist */,
				E07BF3FF1B85036C00DED3F7 /* main.m */,
			);
			name = "Supporting Files";
			sourceTree = "<group>";
		};
		E07BF4161B85036D00DED3F7 /* MoreComplexExampleTests */ = {
			isa = PBXGroup;
			children = (
				E07BF4191B85036D00DED3F7 /* MoreComplexExampleTests.m */,
				E07BF4171B85036D00DED3F7 /* Supporting Files */,
			);
			path = MoreComplexExampleTests;
			sourceTree = "<group>";
		};
		E07BF4171B85036D00DED3F7 /* Supporting Files */ = {
			isa = PBXGroup;
			children = (
				E07BF4181B85036D00DED3F7 /* Info.plist */,
			);
			name = "Supporting Files";
			sourceTree = "<group>";
		};
		E07BF42C1B85045600DED3F7 /* Base Controllers */ = {
			isa = PBXGroup;
			children = (
				E07BF4271B85044B00DED3F7 /* WABaseViewController.h */,
				E07BF4281B85044B00DED3F7 /* WABaseViewController.m */,
				E07BF4251B85044B00DED3F7 /* WABaseTableViewController.h */,
				E07BF4261B85044B00DED3F7 /* WABaseTableViewController.m */,
				E07BF4231B85044B00DED3F7 /* WABaseDetailViewController.h */,
				E07BF4241B85044B00DED3F7 /* WABaseDetailViewController.m */,
			);
			name = "Base Controllers";
			sourceTree = "<group>";
		};
		E07BF4361B85049000DED3F7 /* Controllers */ = {
			isa = PBXGroup;
			children = (
				E07BF42C1B85045600DED3F7 /* Base Controllers */,
				E07BF4371B85049D00DED3F7 /* Tab 1 */,
				E07BF43B1B8506AB00DED3F7 /* Tab 2 */,
				E0317E891B8513BB00E2F677 /* WAModalViewController.h */,
				E0317E8A1B8513BB00E2F677 /* WAModalViewController.m */,
			);
			name = Controllers;
			sourceTree = "<group>";
		};
		E07BF4371B85049D00DED3F7 /* Tab 1 */ = {
			isa = PBXGroup;
			children = (
				E07BF4311B85048600DED3F7 /* WAList1ViewController.h */,
				E07BF4321B85048600DED3F7 /* WAList1ViewController.m */,
				E07BF42F1B85048600DED3F7 /* WAList1DetailViewController.h */,
				E07BF4301B85048600DED3F7 /* WAList1DetailViewController.m */,
				E07BF42D1B85048600DED3F7 /* WAList1DetailExtraViewController.h */,
				E07BF42E1B85048600DED3F7 /* WAList1DetailExtraViewController.m */,
				E02FC1F01B88A93700B600E9 /* SubPath */,
			);
			name = "Tab 1";
			sourceTree = "<group>";
		};
		E07BF43B1B8506AB00DED3F7 /* Tab 2 */ = {
			isa = PBXGroup;
			children = (
				E07BF4381B8506A300DED3F7 /* WAList2ViewController.h */,
				E07BF4391B8506A300DED3F7 /* WAList2ViewController.m */,
				E07BF43C1B85077100DED3F7 /* WAList2DetailViewController.h */,
				E07BF43D1B85077100DED3F7 /* WAList2DetailViewController.m */,
			);
			name = "Tab 2";
			sourceTree = "<group>";
		};
/* End PBXGroup section */

/* Begin PBXNativeTarget section */
		E07BF3F91B85036C00DED3F7 /* MoreComplexExample */ = {
			isa = PBXNativeTarget;
			buildConfigurationList = E07BF41D1B85036D00DED3F7 /* Build configuration list for PBXNativeTarget "MoreComplexExample" */;
			buildPhases = (
				D4065817ACF0BD8C6CDA81EA /* Check Pods Manifest.lock */,
				E07BF3F61B85036C00DED3F7 /* Sources */,
				E07BF3F71B85036C00DED3F7 /* Frameworks */,
				E07BF3F81B85036C00DED3F7 /* Resources */,
				47AFAEA45A2AE0C88069475C /* Copy Pods Resources */,
			);
			buildRules = (
			);
			dependencies = (
			);
			name = MoreComplexExample;
			productName = MoreComplexExample;
			productReference = E07BF3FA1B85036C00DED3F7 /* MoreComplexExample.app */;
			productType = "com.apple.product-type.application";
		};
		E07BF4121B85036D00DED3F7 /* MoreComplexExampleTests */ = {
			isa = PBXNativeTarget;
			buildConfigurationList = E07BF4201B85036D00DED3F7 /* Build configuration list for PBXNativeTarget "MoreComplexExampleTests" */;
			buildPhases = (
				E07BF40F1B85036D00DED3F7 /* Sources */,
				E07BF4101B85036D00DED3F7 /* Frameworks */,
				E07BF4111B85036D00DED3F7 /* Resources */,
			);
			buildRules = (
			);
			dependencies = (
				E07BF4151B85036D00DED3F7 /* PBXTargetDependency */,
			);
			name = MoreComplexExampleTests;
			productName = MoreComplexExampleTests;
			productReference = E07BF4131B85036D00DED3F7 /* MoreComplexExampleTests.xctest */;
			productType = "com.apple.product-type.bundle.unit-test";
		};
/* End PBXNativeTarget section */

/* Begin PBXProject section */
		E07BF3F21B85036C00DED3F7 /* Project object */ = {
			isa = PBXProject;
			attributes = {
				LastUpgradeCheck = 0630;
				ORGANIZATIONNAME = Wasappli;
				TargetAttributes = {
					E07BF3F91B85036C00DED3F7 = {
						CreatedOnToolsVersion = 6.3;
					};
					E07BF4121B85036D00DED3F7 = {
						CreatedOnToolsVersion = 6.3;
						TestTargetID = E07BF3F91B85036C00DED3F7;
					};
				};
			};
			buildConfigurationList = E07BF3F51B85036C00DED3F7 /* Build configuration list for PBXProject "MoreComplexExample" */;
			compatibilityVersion = "Xcode 3.2";
			developmentRegion = English;
			hasScannedForEncodings = 0;
			knownRegions = (
				en,
				Base,
			);
			mainGroup = E07BF3F11B85036C00DED3F7;
			productRefGroup = E07BF3FB1B85036C00DED3F7 /* Products */;
			projectDirPath = "";
			projectRoot = "";
			targets = (
				E07BF3F91B85036C00DED3F7 /* MoreComplexExample */,
				E07BF4121B85036D00DED3F7 /* MoreComplexExampleTests */,
			);
		};
/* End PBXProject section */

/* Begin PBXResourcesBuildPhase section */
		E07BF3F81B85036C00DED3F7 /* Resources */ = {
			isa = PBXResourcesBuildPhase;
			buildActionMask = 2147483647;
			files = (
				E07BF40E1B85036C00DED3F7 /* LaunchScreen.xib in Resources */,
				E07BF40B1B85036C00DED3F7 /* Images.xcassets in Resources */,
			);
			runOnlyForDeploymentPostprocessing = 0;
		};
		E07BF4111B85036D00DED3F7 /* Resources */ = {
			isa = PBXResourcesBuildPhase;
			buildActionMask = 2147483647;
			files = (
			);
			runOnlyForDeploymentPostprocessing = 0;
		};
/* End PBXResourcesBuildPhase section */

/* Begin PBXShellScriptBuildPhase section */
		47AFAEA45A2AE0C88069475C /* Copy Pods Resources */ = {
			isa = PBXShellScriptBuildPhase;
			buildActionMask = 2147483647;
			files = (
			);
			inputPaths = (
			);
			name = "Copy Pods Resources";
			outputPaths = (
			);
			runOnlyForDeploymentPostprocessing = 0;
			shellPath = /bin/sh;
			shellScript = "\"${SRCROOT}/Pods/Target Support Files/Pods/Pods-resources.sh\"\n";
			showEnvVarsInLog = 0;
		};
		D4065817ACF0BD8C6CDA81EA /* Check Pods Manifest.lock */ = {
			isa = PBXShellScriptBuildPhase;
			buildActionMask = 2147483647;
			files = (
			);
			inputPaths = (
			);
			name = "Check Pods Manifest.lock";
			outputPaths = (
			);
			runOnlyForDeploymentPostprocessing = 0;
			shellPath = /bin/sh;
			shellScript = "diff \"${PODS_ROOT}/../Podfile.lock\" \"${PODS_ROOT}/Manifest.lock\" > /dev/null\nif [[ $? != 0 ]] ; then\n    cat << EOM\nerror: The sandbox is not in sync with the Podfile.lock. Run 'pod install' or update your CocoaPods installation.\nEOM\n    exit 1\nfi\n";
			showEnvVarsInLog = 0;
		};
/* End PBXShellScriptBuildPhase section */

/* Begin PBXSourcesBuildPhase section */
		E07BF3F61B85036C00DED3F7 /* Sources */ = {
			isa = PBXSourcesBuildPhase;
			buildActionMask = 2147483647;
			files = (
				E02FC1F31B88A95E00B600E9 /* WAList1Subpath1DetailController.m in Sources */,
				E07BF4331B85048600DED3F7 /* WAList1DetailExtraViewController.m in Sources */,
				E07BF42A1B85044B00DED3F7 /* WABaseTableViewController.m in Sources */,
				E07BF4291B85044B00DED3F7 /* WABaseDetailViewController.m in Sources */,
				E07BF4031B85036C00DED3F7 /* AppDelegate.m in Sources */,
				E07BF42B1B85044B00DED3F7 /* WABaseViewController.m in Sources */,
				E07BF43A1B8506A300DED3F7 /* WAList2ViewController.m in Sources */,
				E0317E8B1B8513BB00E2F677 /* WAModalViewController.m in Sources */,
				E07BF4001B85036C00DED3F7 /* main.m in Sources */,
				E07BF4351B85048600DED3F7 /* WAList1ViewController.m in Sources */,
				E02FC1F61B88A98200B600E9 /* WAList1Subpath2DetailController.m in Sources */,
				E07BF43E1B85077100DED3F7 /* WAList2DetailViewController.m in Sources */,
				E07BF4341B85048600DED3F7 /* WAList1DetailViewController.m in Sources */,
			);
			runOnlyForDeploymentPostprocessing = 0;
		};
		E07BF40F1B85036D00DED3F7 /* Sources */ = {
			isa = PBXSourcesBuildPhase;
			buildActionMask = 2147483647;
			files = (
				E07BF41A1B85036D00DED3F7 /* MoreComplexExampleTests.m in Sources */,
			);
			runOnlyForDeploymentPostprocessing = 0;
		};
/* End PBXSourcesBuildPhase section */

/* Begin PBXTargetDependency section */
		E07BF4151B85036D00DED3F7 /* PBXTargetDependency */ = {
			isa = PBXTargetDependency;
			target = E07BF3F91B85036C00DED3F7 /* MoreComplexExample */;
			targetProxy = E07BF4141B85036D00DED3F7 /* PBXContainerItemProxy */;
		};
/* End PBXTargetDependency section */

/* Begin PBXVariantGroup section */
		E07BF40C1B85036C00DED3F7 /* LaunchScreen.xib */ = {
			isa = PBXVariantGroup;
			children = (
				E07BF40D1B85036C00DED3F7 /* Base */,
			);
			name = LaunchScreen.xib;
			sourceTree = "<group>";
		};
/* End PBXVariantGroup section */

/* Begin XCBuildConfiguration section */
		E07BF41B1B85036D00DED3F7 /* Debug */ = {
			isa = XCBuildConfiguration;
			buildSettings = {
				ALWAYS_SEARCH_USER_PATHS = NO;
				CLANG_CXX_LANGUAGE_STANDARD = "gnu++0x";
				CLANG_CXX_LIBRARY = "libc++";
				CLANG_ENABLE_MODULES = YES;
				CLANG_ENABLE_OBJC_ARC = YES;
				CLANG_WARN_BOOL_CONVERSION = YES;
				CLANG_WARN_CONSTANT_CONVERSION = YES;
				CLANG_WARN_DIRECT_OBJC_ISA_USAGE = YES_ERROR;
				CLANG_WARN_EMPTY_BODY = YES;
				CLANG_WARN_ENUM_CONVERSION = YES;
				CLANG_WARN_INT_CONVERSION = YES;
				CLANG_WARN_OBJC_ROOT_CLASS = YES_ERROR;
				CLANG_WARN_UNREACHABLE_CODE = YES;
				CLANG_WARN__DUPLICATE_METHOD_MATCH = YES;
				"CODE_SIGN_IDENTITY[sdk=iphoneos*]" = "iPhone Developer";
				COPY_PHASE_STRIP = NO;
				DEBUG_INFORMATION_FORMAT = "dwarf-with-dsym";
				ENABLE_STRICT_OBJC_MSGSEND = YES;
				GCC_C_LANGUAGE_STANDARD = gnu99;
				GCC_DYNAMIC_NO_PIC = NO;
				GCC_NO_COMMON_BLOCKS = YES;
				GCC_OPTIMIZATION_LEVEL = 0;
				GCC_PREPROCESSOR_DEFINITIONS = (
					"DEBUG=1",
					"$(inherited)",
				);
				GCC_SYMBOLS_PRIVATE_EXTERN = NO;
				GCC_WARN_64_TO_32_BIT_CONVERSION = YES;
				GCC_WARN_ABOUT_RETURN_TYPE = YES_ERROR;
				GCC_WARN_UNDECLARED_SELECTOR = YES;
				GCC_WARN_UNINITIALIZED_AUTOS = YES_AGGRESSIVE;
				GCC_WARN_UNUSED_FUNCTION = YES;
				GCC_WARN_UNUSED_VARIABLE = YES;
				IPHONEOS_DEPLOYMENT_TARGET = 8.3;
				MTL_ENABLE_DEBUG_INFO = YES;
				ONLY_ACTIVE_ARCH = YES;
				SDKROOT = iphoneos;
				TARGETED_DEVICE_FAMILY = "1,2";
			};
			name = Debug;
		};
		E07BF41C1B85036D00DED3F7 /* Release */ = {
			isa = XCBuildConfiguration;
			buildSettings = {
				ALWAYS_SEARCH_USER_PATHS = NO;
				CLANG_CXX_LANGUAGE_STANDARD = "gnu++0x";
				CLANG_CXX_LIBRARY = "libc++";
				CLANG_ENABLE_MODULES = YES;
				CLANG_ENABLE_OBJC_ARC = YES;
				CLANG_WARN_BOOL_CONVERSION = YES;
				CLANG_WARN_CONSTANT_CONVERSION = YES;
				CLANG_WARN_DIRECT_OBJC_ISA_USAGE = YES_ERROR;
				CLANG_WARN_EMPTY_BODY = YES;
				CLANG_WARN_ENUM_CONVERSION = YES;
				CLANG_WARN_INT_CONVERSION = YES;
				CLANG_WARN_OBJC_ROOT_CLASS = YES_ERROR;
				CLANG_WARN_UNREACHABLE_CODE = YES;
				CLANG_WARN__DUPLICATE_METHOD_MATCH = YES;
				"CODE_SIGN_IDENTITY[sdk=iphoneos*]" = "iPhone Developer";
				COPY_PHASE_STRIP = NO;
				DEBUG_INFORMATION_FORMAT = "dwarf-with-dsym";
				ENABLE_NS_ASSERTIONS = NO;
				ENABLE_STRICT_OBJC_MSGSEND = YES;
				GCC_C_LANGUAGE_STANDARD = gnu99;
				GCC_NO_COMMON_BLOCKS = YES;
				GCC_WARN_64_TO_32_BIT_CONVERSION = YES;
				GCC_WARN_ABOUT_RETURN_TYPE = YES_ERROR;
				GCC_WARN_UNDECLARED_SELECTOR = YES;
				GCC_WARN_UNINITIALIZED_AUTOS = YES_AGGRESSIVE;
				GCC_WARN_UNUSED_FUNCTION = YES;
				GCC_WARN_UNUSED_VARIABLE = YES;
				IPHONEOS_DEPLOYMENT_TARGET = 8.3;
				MTL_ENABLE_DEBUG_INFO = NO;
				SDKROOT = iphoneos;
				TARGETED_DEVICE_FAMILY = "1,2";
				VALIDATE_PRODUCT = YES;
			};
			name = Release;
		};
		E07BF41E1B85036D00DED3F7 /* Debug */ = {
			isa = XCBuildConfiguration;
			baseConfigurationReference = 0C7F9FC7DA3C1F485F6491D5 /* Pods.debug.xcconfig */;
			buildSettings = {
				ASSETCATALOG_COMPILER_APPICON_NAME = AppIcon;
				INFOPLIST_FILE = MoreComplexExample/Info.plist;
				IPHONEOS_DEPLOYMENT_TARGET = 7.0;
				LD_RUNPATH_SEARCH_PATHS = "$(inherited) @executable_path/Frameworks";
				PRODUCT_NAME = "$(TARGET_NAME)";
			};
			name = Debug;
		};
		E07BF41F1B85036D00DED3F7 /* Release */ = {
			isa = XCBuildConfiguration;
			baseConfigurationReference = DB9772F7AD598529BAAB1845 /* Pods.release.xcconfig */;
			buildSettings = {
				ASSETCATALOG_COMPILER_APPICON_NAME = AppIcon;
				INFOPLIST_FILE = MoreComplexExample/Info.plist;
				IPHONEOS_DEPLOYMENT_TARGET = 7.0;
				LD_RUNPATH_SEARCH_PATHS = "$(inherited) @executable_path/Frameworks";
				PRODUCT_NAME = "$(TARGET_NAME)";
			};
			name = Release;
		};
		E07BF4211B85036D00DED3F7 /* Debug */ = {
			isa = XCBuildConfiguration;
			buildSettings = {
				BUNDLE_LOADER = "$(TEST_HOST)";
				FRAMEWORK_SEARCH_PATHS = (
					"$(SDKROOT)/Developer/Library/Frameworks",
					"$(inherited)",
				);
				GCC_PREPROCESSOR_DEFINITIONS = (
					"DEBUG=1",
					"$(inherited)",
				);
				INFOPLIST_FILE = MoreComplexExampleTests/Info.plist;
				LD_RUNPATH_SEARCH_PATHS = "$(inherited) @executable_path/Frameworks @loader_path/Frameworks";
				PRODUCT_NAME = "$(TARGET_NAME)";
				TEST_HOST = "$(BUILT_PRODUCTS_DIR)/MoreComplexExample.app/MoreComplexExample";
			};
			name = Debug;
		};
		E07BF4221B85036D00DED3F7 /* Release */ = {
			isa = XCBuildConfiguration;
			buildSettings = {
				BUNDLE_LOADER = "$(TEST_HOST)";
				FRAMEWORK_SEARCH_PATHS = (
					"$(SDKROOT)/Developer/Library/Frameworks",
					"$(inherited)",
				);
				INFOPLIST_FILE = MoreComplexExampleTests/Info.plist;
				LD_RUNPATH_SEARCH_PATHS = "$(inherited) @executable_path/Frameworks @loader_path/Frameworks";
				PRODUCT_NAME = "$(TARGET_NAME)";
				TEST_HOST = "$(BUILT_PRODUCTS_DIR)/MoreComplexExample.app/MoreComplexExample";
			};
			name = Release;
		};
/* End XCBuildConfiguration section */

/* Begin XCConfigurationList section */
		E07BF3F51B85036C00DED3F7 /* Build configuration list for PBXProject "MoreComplexExample" */ = {
			isa = XCConfigurationList;
			buildConfigurations = (
				E07BF41B1B85036D00DED3F7 /* Debug */,
				E07BF41C1B85036D00DED3F7 /* Release */,
			);
			defaultConfigurationIsVisible = 0;
			defaultConfigurationName = Release;
		};
		E07BF41D1B85036D00DED3F7 /* Build configuration list for PBXNativeTarget "MoreComplexExample" */ = {
			isa = XCConfigurationList;
			buildConfigurations = (
				E07BF41E1B85036D00DED3F7 /* Debug */,
				E07BF41F1B85036D00DED3F7 /* Release */,
			);
			defaultConfigurationIsVisible = 0;
			defaultConfigurationName = Release;
		};
		E07BF4201B85036D00DED3F7 /* Build configuration list for PBXNativeTarget "MoreComplexExampleTests" */ = {
			isa = XCConfigurationList;
			buildConfigurations = (
				E07BF4211B85036D00DED3F7 /* Debug */,
				E07BF4221B85036D00DED3F7 /* Release */,
			);
			defaultConfigurationIsVisible = 0;
			defaultConfigurationName = Release;
		};
/* End XCConfigurationList section */
	};
	rootObject = E07BF3F21B85036C00DED3F7 /* Project object */;
}
