// !$*UTF8*$!
{
	archiveVersion = 1;
	classes = {
	};
	objectVersion = 46;
	objects = {

/* Begin PBXBuildFile section */
		E08A8ED81B8383DE006537AF /* main.m in Sources */ = {isa = PBXBuildFile; fileRef = E08A8ED71B8383DE006537AF /* main.m */; };
		E08A8EDB1B8383DE006537AF /* AppDelegate.m in Sources */ = {isa = PBXBuildFile; fileRef = E08A8EDA1B8383DE006537AF /* AppDelegate.m */; };
		E08A8EDE1B8383DE006537AF /* ViewController.m in Sources */ = {isa = PBXBuildFile; fileRef = E08A8EDD1B8383DE006537AF /* ViewController.m */; };
		E08A8EE11B8383DE006537AF /* Main.storyboard in Resources */ = {isa = PBXBuildFile; fileRef = E08A8EDF1B8383DE006537AF /* Main.storyboard */; };
		E08A8EE31B8383DE006537AF /* Images.xcassets in Resources */ = {isa = PBXBuildFile; fileRef = E08A8EE21B8383DE006537AF /* Images.xcassets */; };
		E08A8EE61B8383DE006537AF /* LaunchScreen.xib in Resources */ = {isa = PBXBuildFile; fileRef = E08A8EE41B8383DE006537AF /* LaunchScreen.xib */; };
		E08A8EF21B8383DE006537AF /* WAAppRouterTests.m in Sources */ = {isa = PBXBuildFile; fileRef = E08A8EF11B8383DE006537AF /* WAAppRouterTests.m */; };
/* End PBXBuildFile section */

/* Begin PBXContainerItemProxy section */
		E08A8EEC1B8383DE006537AF /* PBXContainerItemProxy */ = {
			isa = PBXContainerItemProxy;
			containerPortal = E08A8ECA1B8383DE006537AF /* Project object */;
			proxyType = 1;
			remoteGlobalIDString = E08A8ED11B8383DE006537AF;
			remoteInfo = WAAppRouter;
		};
/* End PBXContainerItemProxy section */

/* Begin PBXFileReference section */
		E08A8ED21B8383DE006537AF /* WAAppRouter.app */ = {isa = PBXFileReference; explicitFileType = wrapper.application; includeInIndex = 0; path = WAAppRouter.app; sourceTree = BUILT_PRODUCTS_DIR; };
		E08A8ED61B8383DE006537AF /* Info.plist */ = {isa = PBXFileReference; lastKnownFileType = text.plist.xml; path = Info.plist; sourceTree = "<group>"; };
		E08A8ED71B8383DE006537AF /* main.m */ = {isa = PBXFileReference; lastKnownFileType = sourcecode.c.objc; path = main.m; sourceTree = "<group>"; };
		E08A8ED91B8383DE006537AF /* AppDelegate.h */ = {isa = PBXFileReference; lastKnownFileType = sourcecode.c.h; path = AppDelegate.h; sourceTree = "<group>"; };
		E08A8EDA1B8383DE006537AF /* AppDelegate.m */ = {isa = PBXFileReference; lastKnownFileType = sourcecode.c.objc; path = AppDelegate.m; sourceTree = "<group>"; };
		E08A8EDC1B8383DE006537AF /* ViewController.h */ = {isa = PBXFileReference; lastKnownFileType = sourcecode.c.h; path = ViewController.h; sourceTree = "<group>"; };
		E08A8EDD1B8383DE006537AF /* ViewController.m */ = {isa = PBXFileReference; lastKnownFileType = sourcecode.c.objc; path = ViewController.m; sourceTree = "<group>"; };
		E08A8EE01B8383DE006537AF /* Base */ = {isa = PBXFileReference; lastKnownFileType = file.storyboard; name = Base; path = Base.lproj/Main.storyboard; sourceTree = "<group>"; };
		E08A8EE21B8383DE006537AF /* Images.xcassets */ = {isa = PBXFileReference; lastKnownFileType = folder.assetcatalog; path = Images.xcassets; sourceTree = "<group>"; };
		E08A8EE51B8383DE006537AF /* Base */ = {isa = PBXFileReference; lastKnownFileType = file.xib; name = Base; path = Base.lproj/LaunchScreen.xib; sourceTree = "<group>"; };
		E08A8EEB1B8383DE006537AF /* WAAppRouterTests.xctest */ = {isa = PBXFileReference; explicitFileType = wrapper.cfbundle; includeInIndex = 0; path = WAAppRouterTests.xctest; sourceTree = BUILT_PRODUCTS_DIR; };
		E08A8EF01B8383DE006537AF /* Info.plist */ = {isa = PBXFileReference; lastKnownFileType = text.plist.xml; path = Info.plist; sourceTree = "<group>"; };
		E08A8EF11B8383DE006537AF /* WAAppRouterTests.m */ = {isa = PBXFileReference; lastKnownFileType = sourcecode.c.objc; path = WAAppRouterTests.m; sourceTree = "<group>"; };
/* End PBXFileReference section */

/* Begin PBXFrameworksBuildPhase section */
		E08A8ECF1B8383DE006537AF /* Frameworks */ = {
			isa = PBXFrameworksBuildPhase;
			buildActionMask = 2147483647;
			files = (
			);
			runOnlyForDeploymentPostprocessing = 0;
		};
		E08A8EE81B8383DE006537AF /* Frameworks */ = {
			isa = PBXFrameworksBuildPhase;
			buildActionMask = 2147483647;
			files = (
			);
			runOnlyForDeploymentPostprocessing = 0;
		};
/* End PBXFrameworksBuildPhase section */

/* Begin PBXGroup section */
		E08A8EC91B8383DE006537AF = {
			isa = PBXGroup;
			children = (
				E08A8ED41B8383DE006537AF /* WAAppRouter */,
				E08A8EEE1B8383DE006537AF /* WAAppRouterTests */,
				E08A8ED31B8383DE006537AF /* Products */,
			);
			sourceTree = "<group>";
		};
		E08A8ED31B8383DE006537AF /* Products */ = {
			isa = PBXGroup;
			children = (
				E08A8ED21B8383DE006537AF /* WAAppRouter.app */,
				E08A8EEB1B8383DE006537AF /* WAAppRouterTests.xctest */,
			);
			name = Products;
			sourceTree = "<group>";
		};
		E08A8ED41B8383DE006537AF /* WAAppRouter */ = {
			isa = PBXGroup;
			children = (
				E08A8ED91B8383DE006537AF /* AppDelegate.h */,
				E08A8EDA1B8383DE006537AF /* AppDelegate.m */,
				E08A8EDC1B8383DE006537AF /* ViewController.h */,
				E08A8EDD1B8383DE006537AF /* ViewController.m */,
				E08A8EDF1B8383DE006537AF /* Main.storyboard */,
				E08A8EE21B8383DE006537AF /* Images.xcassets */,
				E08A8EE41B8383DE006537AF /* LaunchScreen.xib */,
				E08A8ED51B8383DE006537AF /* Supporting Files */,
			);
			path = WAAppRouter;
			sourceTree = "<group>";
		};
		E08A8ED51B8383DE006537AF /* Supporting Files */ = {
			isa = PBXGroup;
			children = (
				E08A8ED61B8383DE006537AF /* Info.plist */,
				E08A8ED71B8383DE006537AF /* main.m */,
			);
			name = "Supporting Files";
			sourceTree = "<group>";
		};
		E08A8EEE1B8383DE006537AF /* WAAppRouterTests */ = {
			isa = PBXGroup;
			children = (
				E08A8EF11B8383DE006537AF /* WAAppRouterTests.m */,
				E08A8EEF1B8383DE006537AF /* Supporting Files */,
			);
			path = WAAppRouterTests;
			sourceTree = "<group>";
		};
		E08A8EEF1B8383DE006537AF /* Supporting Files */ = {
			isa = PBXGroup;
			children = (
				E08A8EF01B8383DE006537AF /* Info.plist */,
			);
			name = "Supporting Files";
			sourceTree = "<group>";
		};
/* End PBXGroup section */

/* Begin PBXNativeTarget section */
		E08A8ED11B8383DE006537AF /* WAAppRouter */ = {
			isa = PBXNativeTarget;
			buildConfigurationList = E08A8EF51B8383DE006537AF /* Build configuration list for PBXNativeTarget "WAAppRouter" */;
			buildPhases = (
				E08A8ECE1B8383DE006537AF /* Sources */,
				E08A8ECF1B8383DE006537AF /* Frameworks */,
				E08A8ED01B8383DE006537AF /* Resources */,
			);
			buildRules = (
			);
			dependencies = (
			);
			name = WAAppRouter;
			productName = WAAppRouter;
			productReference = E08A8ED21B8383DE006537AF /* WAAppRouter.app */;
			productType = "com.apple.product-type.application";
		};
		E08A8EEA1B8383DE006537AF /* WAAppRouterTests */ = {
			isa = PBXNativeTarget;
			buildConfigurationList = E08A8EF81B8383DE006537AF /* Build configuration list for PBXNativeTarget "WAAppRouterTests" */;
			buildPhases = (
				E08A8EE71B8383DE006537AF /* Sources */,
				E08A8EE81B8383DE006537AF /* Frameworks */,
				E08A8EE91B8383DE006537AF /* Resources */,
			);
			buildRules = (
			);
			dependencies = (
				E08A8EED1B8383DE006537AF /* PBXTargetDependency */,
			);
			name = WAAppRouterTests;
			productName = WAAppRouterTests;
			productReference = E08A8EEB1B8383DE006537AF /* WAAppRouterTests.xctest */;
			productType = "com.apple.product-type.bundle.unit-test";
		};
/* End PBXNativeTarget section */

/* Begin PBXProject section */
		E08A8ECA1B8383DE006537AF /* Project object */ = {
			isa = PBXProject;
			attributes = {
				LastUpgradeCheck = 0630;
				ORGANIZATIONNAME = Wasappli;
				TargetAttributes = {
					E08A8ED11B8383DE006537AF = {
						CreatedOnToolsVersion = 6.3;
					};
					E08A8EEA1B8383DE006537AF = {
						CreatedOnToolsVersion = 6.3;
						TestTargetID = E08A8ED11B8383DE006537AF;
					};
				};
			};
			buildConfigurationList = E08A8ECD1B8383DE006537AF /* Build configuration list for PBXProject "WAAppRouter" */;
			compatibilityVersion = "Xcode 3.2";
			developmentRegion = English;
			hasScannedForEncodings = 0;
			knownRegions = (
				en,
				Base,
			);
			mainGroup = E08A8EC91B8383DE006537AF;
			productRefGroup = E08A8ED31B8383DE006537AF /* Products */;
			projectDirPath = "";
			projectRoot = "";
			targets = (
				E08A8ED11B8383DE006537AF /* WAAppRouter */,
				E08A8EEA1B8383DE006537AF /* WAAppRouterTests */,
			);
		};
/* End PBXProject section */

/* Begin PBXResourcesBuildPhase section */
		E08A8ED01B8383DE006537AF /* Resources */ = {
			isa = PBXResourcesBuildPhase;
			buildActionMask = 2147483647;
			files = (
				E08A8EE11B8383DE006537AF /* Main.storyboard in Resources */,
				E08A8EE61B8383DE006537AF /* LaunchScreen.xib in Resources */,
				E08A8EE31B8383DE006537AF /* Images.xcassets in Resources */,
			);
			runOnlyForDeploymentPostprocessing = 0;
		};
		E08A8EE91B8383DE006537AF /* Resources */ = {
			isa = PBXResourcesBuildPhase;
			buildActionMask = 2147483647;
			files = (
			);
			runOnlyForDeploymentPostprocessing = 0;
		};
/* End PBXResourcesBuildPhase section */

/* Begin PBXSourcesBuildPhase section */
		E08A8ECE1B8383DE006537AF /* Sources */ = {
			isa = PBXSourcesBuildPhase;
			buildActionMask = 2147483647;
			files = (
				E08A8EDE1B8383DE006537AF /* ViewController.m in Sources */,
				E08A8EDB1B8383DE006537AF /* AppDelegate.m in Sources */,
				E08A8ED81B8383DE006537AF /* main.m in Sources */,
			);
			runOnlyForDeploymentPostprocessing = 0;
		};
		E08A8EE71B8383DE006537AF /* Sources */ = {
			isa = PBXSourcesBuildPhase;
			buildActionMask = 2147483647;
			files = (
				E08A8EF21B8383DE006537AF /* WAAppRouterTests.m in Sources */,
			);
			runOnlyForDeploymentPostprocessing = 0;
		};
/* End PBXSourcesBuildPhase section */

/* Begin PBXTargetDependency section */
		E08A8EED1B8383DE006537AF /* PBXTargetDependency */ = {
			isa = PBXTargetDependency;
			target = E08A8ED11B8383DE006537AF /* WAAppRouter */;
			targetProxy = E08A8EEC1B8383DE006537AF /* PBXContainerItemProxy */;
		};
/* End PBXTargetDependency section */

/* Begin PBXVariantGroup section */
		E08A8EDF1B8383DE006537AF /* Main.storyboard */ = {
			isa = PBXVariantGroup;
			children = (
				E08A8EE01B8383DE006537AF /* Base */,
			);
			name = Main.storyboard;
			sourceTree = "<group>";
		};
		E08A8EE41B8383DE006537AF /* LaunchScreen.xib */ = {
			isa = PBXVariantGroup;
			children = (
				E08A8EE51B8383DE006537AF /* Base */,
			);
			name = LaunchScreen.xib;
			sourceTree = "<group>";
		};
/* End PBXVariantGroup section */

/* Begin XCBuildConfiguration section */
		E08A8EF31B8383DE006537AF /* Debug */ = {
			isa = XCBuildConfiguration;
			buildSettings = {
				ALWAYS_SEARCH_USER_PATHS = NO;
				CLANG_CXX_LANGUAGE_STANDARD = "gnu++0x";
				CLANG_CXX_LIBRARY = "libc++";
				CLANG_ENABLE_MODULES = YES;
				CLANG_ENABLE_OBJC_ARC = YES;
				CLANG_WARN_BOOL_CONVERSION = YES;
				CLANG_WARN_CONSTANT_CONVERSION = YES;
				CLANG_WARN_DIRECT_OBJC_ISA_USAGE = YES_ERROR;
				CLANG_WARN_EMPTY_BODY = YES;
				CLANG_WARN_ENUM_CONVERSION = YES;
				CLANG_WARN_INT_CONVERSION = YES;
				CLANG_WARN_OBJC_ROOT_CLASS = YES_ERROR;
				CLANG_WARN_UNREACHABLE_CODE = YES;
				CLANG_WARN__DUPLICATE_METHOD_MATCH = YES;
				"CODE_SIGN_IDENTITY[sdk=iphoneos*]" = "iPhone Developer";
				COPY_PHASE_STRIP = NO;
				DEBUG_INFORMATION_FORMAT = "dwarf-with-dsym";
				ENABLE_STRICT_OBJC_MSGSEND = YES;
				GCC_C_LANGUAGE_STANDARD = gnu99;
				GCC_DYNAMIC_NO_PIC = NO;
				GCC_NO_COMMON_BLOCKS = YES;
				GCC_OPTIMIZATION_LEVEL = 0;
				GCC_PREPROCESSOR_DEFINITIONS = (
					"DEBUG=1",
					"$(inherited)",
				);
				GCC_SYMBOLS_PRIVATE_EXTERN = NO;
				GCC_WARN_64_TO_32_BIT_CONVERSION = YES;
				GCC_WARN_ABOUT_RETURN_TYPE = YES_ERROR;
				GCC_WARN_UNDECLARED_SELECTOR = YES;
				GCC_WARN_UNINITIALIZED_AUTOS = YES_AGGRESSIVE;
				GCC_WARN_UNUSED_FUNCTION = YES;
				GCC_WARN_UNUSED_VARIABLE = YES;
				IPHONEOS_DEPLOYMENT_TARGET = 8.3;
				MTL_ENABLE_DEBUG_INFO = YES;
				ONLY_ACTIVE_ARCH = YES;
				SDKROOT = iphoneos;
				TARGETED_DEVICE_FAMILY = "1,2";
			};
			name = Debug;
		};
		E08A8EF41B8383DE006537AF /* Release */ = {
			isa = XCBuildConfiguration;
			buildSettings = {
				ALWAYS_SEARCH_USER_PATHS = NO;
				CLANG_CXX_LANGUAGE_STANDARD = "gnu++0x";
				CLANG_CXX_LIBRARY = "libc++";
				CLANG_ENABLE_MODULES = YES;
				CLANG_ENABLE_OBJC_ARC = YES;
				CLANG_WARN_BOOL_CONVERSION = YES;
				CLANG_WARN_CONSTANT_CONVERSION = YES;
				CLANG_WARN_DIRECT_OBJC_ISA_USAGE = YES_ERROR;
				CLANG_WARN_EMPTY_BODY = YES;
				CLANG_WARN_ENUM_CONVERSION = YES;
				CLANG_WARN_INT_CONVERSION = YES;
				CLANG_WARN_OBJC_ROOT_CLASS = YES_ERROR;
				CLANG_WARN_UNREACHABLE_CODE = YES;
				CLANG_WARN__DUPLICATE_METHOD_MATCH = YES;
				"CODE_SIGN_IDENTITY[sdk=iphoneos*]" = "iPhone Developer";
				COPY_PHASE_STRIP = NO;
				DEBUG_INFORMATION_FORMAT = "dwarf-with-dsym";
				ENABLE_NS_ASSERTIONS = NO;
				ENABLE_STRICT_OBJC_MSGSEND = YES;
				GCC_C_LANGUAGE_STANDARD = gnu99;
				GCC_NO_COMMON_BLOCKS = YES;
				GCC_WARN_64_TO_32_BIT_CONVERSION = YES;
				GCC_WARN_ABOUT_RETURN_TYPE = YES_ERROR;
				GCC_WARN_UNDECLARED_SELECTOR = YES;
				GCC_WARN_UNINITIALIZED_AUTOS = YES_AGGRESSIVE;
				GCC_WARN_UNUSED_FUNCTION = YES;
				GCC_WARN_UNUSED_VARIABLE = YES;
				IPHONEOS_DEPLOYMENT_TARGET = 8.3;
				MTL_ENABLE_DEBUG_INFO = NO;
				SDKROOT = iphoneos;
				TARGETED_DEVICE_FAMILY = "1,2";
				VALIDATE_PRODUCT = YES;
			};
			name = Release;
		};
		E08A8EF61B8383DE006537AF /* Debug */ = {
			isa = XCBuildConfiguration;
			buildSettings = {
				ASSETCATALOG_COMPILER_APPICON_NAME = AppIcon;
				INFOPLIST_FILE = WAAppRouter/Info.plist;
				LD_RUNPATH_SEARCH_PATHS = "$(inherited) @executable_path/Frameworks";
				PRODUCT_NAME = "$(TARGET_NAME)";
			};
			name = Debug;
		};
		E08A8EF71B8383DE006537AF /* Release */ = {
			isa = XCBuildConfiguration;
			buildSettings = {
				ASSETCATALOG_COMPILER_APPICON_NAME = AppIcon;
				INFOPLIST_FILE = WAAppRouter/Info.plist;
				LD_RUNPATH_SEARCH_PATHS = "$(inherited) @executable_path/Frameworks";
				PRODUCT_NAME = "$(TARGET_NAME)";
			};
			name = Release;
		};
		E08A8EF91B8383DE006537AF /* Debug */ = {
			isa = XCBuildConfiguration;
			buildSettings = {
				BUNDLE_LOADER = "$(TEST_HOST)";
				FRAMEWORK_SEARCH_PATHS = (
					"$(SDKROOT)/Developer/Library/Frameworks",
					"$(inherited)",
				);
				GCC_PREPROCESSOR_DEFINITIONS = (
					"DEBUG=1",
					"$(inherited)",
				);
				INFOPLIST_FILE = WAAppRouterTests/Info.plist;
				LD_RUNPATH_SEARCH_PATHS = "$(inherited) @executable_path/Frameworks @loader_path/Frameworks";
				PRODUCT_NAME = "$(TARGET_NAME)";
				TEST_HOST = "$(BUILT_PRODUCTS_DIR)/WAAppRouter.app/WAAppRouter";
			};
			name = Debug;
		};
		E08A8EFA1B8383DE006537AF /* Release */ = {
			isa = XCBuildConfiguration;
			buildSettings = {
				BUNDLE_LOADER = "$(TEST_HOST)";
				FRAMEWORK_SEARCH_PATHS = (
					"$(SDKROOT)/Developer/Library/Frameworks",
					"$(inherited)",
				);
				INFOPLIST_FILE = WAAppRouterTests/Info.plist;
				LD_RUNPATH_SEARCH_PATHS = "$(inherited) @executable_path/Frameworks @loader_path/Frameworks";
				PRODUCT_NAME = "$(TARGET_NAME)";
				TEST_HOST = "$(BUILT_PRODUCTS_DIR)/WAAppRouter.app/WAAppRouter";
			};
			name = Release;
		};
/* End XCBuildConfiguration section */

/* Begin XCConfigurationList section */
		E08A8ECD1B8383DE006537AF /* Build configuration list for PBXProject "WAAppRouter" */ = {
			isa = XCConfigurationList;
			buildConfigurations = (
				E08A8EF31B8383DE006537AF /* Debug */,
				E08A8EF41B8383DE006537AF /* Release */,
			);
			defaultConfigurationIsVisible = 0;
			defaultConfigurationName = Release;
		};
		E08A8EF51B8383DE006537AF /* Build configuration list for PBXNativeTarget "WAAppRouter" */ = {
			isa = XCConfigurationList;
			buildConfigurations = (
				E08A8EF61B8383DE006537AF /* Debug */,
				E08A8EF71B8383DE006537AF /* Release */,
			);
			defaultConfigurationIsVisible = 0;
		};
		E08A8EF81B8383DE006537AF /* Build configuration list for PBXNativeTarget "WAAppRouterTests" */ = {
			isa = XCConfigurationList;
			buildConfigurations = (
				E08A8EF91B8383DE006537AF /* Debug */,
				E08A8EFA1B8383DE006537AF /* Release */,
			);
			defaultConfigurationIsVisible = 0;
		};
/* End XCConfigurationList section */
	};
	rootObject = E08A8ECA1B8383DE006537AF /* Project object */;
}
