PODS:
  - Kiwi (2.4.0)
  - WAAppRouting (0.0.1)

DEPENDENCIES:
  - Kiwi
  - WAAppRouting (from `../WAAppRouting.podspec`)

EXTERNAL SOURCES:
  WAAppRouting:
    :path: "../WAAppRouting.podspec"

SPEC CHECKSUMS:
  Kiwi: f49c9d54b28917df5928fe44968a39ed198cb8a8
  WAAppRouting: 2a6fb09b307659b64029d23ebf8e87d0e5873cf5

COCOAPODS: 0.38.0
