PODS:
  - Kiwi (2.4.0)
  - WAAppRouting (0.0.5)

DEPENDENCIES:
  - Kiwi
  - WAAppRouting (from `../WAAppRouting.podspec`)

EXTERNAL SOURCES:
  WAAppRouting:
    :path: ../WAAppRouting.podspec

SPEC CHECKSUMS:
  Kiwi: f49c9d54b28917df5928fe44968a39ed198cb8a8
  WAAppRouting: f678fa0dd488af81ee04aeab49e577f5ce187ae0

COCOAPODS: 0.38.2
